<?xml version="1.0" encoding="utf-8"?>
<Project ToolsVersion="4.0" xmlns="http://schemas.microsoft.com/developer/msbuild/2003">
  <ItemGroup>
    <FxCompile Include="common.hlsli" />
    <FxCompile Include="Light.hlsli" />
    <FxCompile Include="Shaders.hlsl" />
  </ItemGroup>
  <ItemGroup>
    <ClCompile Include="Camera.cpp">
      <Filter>소스파일</Filter>
    </ClCompile>
    <ClCompile Include="Collision.cpp">
      <Filter>소스파일</Filter>
    </ClCompile>
    <ClCompile Include="DDSTextureLoader12.cpp">
      <Filter>소스파일</Filter>
    </ClCompile>
    <ClCompile Include="DebugObject.cpp">
      <Filter>소스파일</Filter>
    </ClCompile>
    <ClCompile Include="EnemyObject.cpp">
      <Filter>소스파일</Filter>
    </ClCompile>
    <ClCompile Include="EscapeFromDarkzone.cpp">
      <Filter>소스파일</Filter>
    </ClCompile>
    <ClCompile Include="GameFramework.cpp">
      <Filter>소스파일</Filter>
    </ClCompile>
    <ClCompile Include="InputManager.cpp">
      <Filter>소스파일</Filter>
    </ClCompile>
    <ClCompile Include="Object.cpp">
      <Filter>소스파일</Filter>
    </ClCompile>
    <ClCompile Include="Mesh.cpp">
      <Filter>소스파일</Filter>
    </ClCompile>
    <ClCompile Include="Player.cpp">
      <Filter>소스파일</Filter>
    </ClCompile>
    <ClCompile Include="Scene.cpp">
      <Filter>소스파일</Filter>
    </ClCompile>
    <ClCompile Include="Shader.cpp">
      <Filter>소스파일</Filter>
    </ClCompile>
    <ClCompile Include="stdafx.cpp">
      <Filter>소스파일</Filter>
    </ClCompile>
    <ClCompile Include="Timer.cpp">
      <Filter>소스파일</Filter>
    </ClCompile>
    <ClCompile Include="WICTextureLoader12.cpp">
      <Filter>소스파일</Filter>
    </ClCompile>
    <ClCompile Include="ShadowMap.cpp">
      <Filter>소스파일</Filter>
    </ClCompile>
    <ClCompile Include="Effect.cpp">
      <Filter>소스파일</Filter>
    </ClCompile>
    <ClCompile Include="EffectShader.cpp">
      <Filter>소스파일</Filter>
    </ClCompile>
    <ClCompile Include="OtherPlayer.cpp">
      <Filter>소스파일</Filter>
    </ClCompile>
    <ClCompile Include="State.cpp">
      <Filter>소스파일</Filter>
    </ClCompile>
    <ClCompile Include="Item.cpp">
      <Filter>소스파일</Filter>
    </ClCompile>
    <ClCompile Include="UI.cpp">
      <Filter>소스파일</Filter>
    </ClCompile>
    <ClCompile Include="Network.cpp">
      <Filter>소스파일</Filter>
    </ClCompile>
    <ClCompile Include="AI.cpp">
      <Filter>소스파일</Filter>
    </ClCompile>
    <ClCompile Include="EffectManager.cpp">
      <Filter>소스파일</Filter>
    </ClCompile>
    <ClCompile Include="InventoryManager.cpp">
      <Filter>소스파일</Filter>
    </ClCompile>
  </ItemGroup>
  <ItemGroup>
    <ClInclude Include="Camera.h">
      <Filter>헤더 파일</Filter>
    </ClInclude>
    <ClInclude Include="Collision.h">
      <Filter>헤더 파일</Filter>
    </ClInclude>
    <ClInclude Include="DDSTextureLoader12.h">
      <Filter>헤더 파일</Filter>
    </ClInclude>
    <ClInclude Include="DebugObject.h">
      <Filter>헤더 파일</Filter>
    </ClInclude>
    <ClInclude Include="EnemyObject.h">
      <Filter>헤더 파일</Filter>
    </ClInclude>
    <ClInclude Include="EscapeFromDarkzone.h">
      <Filter>헤더 파일</Filter>
    </ClInclude>
    <ClInclude Include="GameFramework.h">
      <Filter>헤더 파일</Filter>
    </ClInclude>
    <ClInclude Include="InputManager.h">
      <Filter>헤더 파일</Filter>
    </ClInclude>
    <ClInclude Include="Mesh.h">
      <Filter>헤더 파일</Filter>
    </ClInclude>
    <ClInclude Include="Object.h">
      <Filter>헤더 파일</Filter>
    </ClInclude>
    <ClInclude Include="Player.h">
      <Filter>헤더 파일</Filter>
    </ClInclude>
    <ClInclude Include="Resource.h">
      <Filter>헤더 파일</Filter>
    </ClInclude>
    <ClInclude Include="Scene.h">
      <Filter>헤더 파일</Filter>
    </ClInclude>
    <ClInclude Include="Shader.h">
      <Filter>헤더 파일</Filter>
    </ClInclude>
    <ClInclude Include="Timer.h">
      <Filter>헤더 파일</Filter>
    </ClInclude>
    <ClInclude Include="stdafx.h">
      <Filter>헤더 파일</Filter>
    </ClInclude>
    <ClInclude Include="WICTextureLoader12.h">
      <Filter>헤더 파일</Filter>
    </ClInclude>
    <ClInclude Include="d3dx12.h">
      <Filter>헤더 파일</Filter>
    </ClInclude>
    <ClInclude Include="ShadowMap.h">
      <Filter>헤더 파일</Filter>
    </ClInclude>
    <ClInclude Include="Effect.h">
      <Filter>헤더 파일</Filter>
    </ClInclude>
    <ClInclude Include="EffectShader.h">
      <Filter>헤더 파일</Filter>
    </ClInclude>
    <ClInclude Include="OtherPlayer.h">
      <Filter>헤더 파일</Filter>
    </ClInclude>
    <ClInclude Include="State.h">
      <Filter>헤더 파일</Filter>
    </ClInclude>
    <ClInclude Include="Item.h">
      <Filter>헤더 파일</Filter>
    </ClInclude>
    <ClInclude Include="UI.h">
      <Filter>헤더 파일</Filter>
    </ClInclude>
    <ClInclude Include="Network.h">
      <Filter>헤더 파일</Filter>
    </ClInclude>
    <ClInclude Include="AI.h">
      <Filter>헤더 파일</Filter>
    </ClInclude>
    <ClInclude Include="protocol.h">
      <Filter>헤더 파일</Filter>
    </ClInclude>
    <ClInclude Include="EffectManager.h">
      <Filter>헤더 파일</Filter>
    </ClInclude>
    <ClInclude Include="ItemDef.h">
      <Filter>헤더 파일</Filter>
    </ClInclude>
    <ClInclude Include="InventoryManager.h">
      <Filter>헤더 파일</Filter>
    </ClInclude>
  </ItemGroup>
  <ItemGroup>
    <Image Include="EscapeFromDarkzone.ico">
      <Filter>리소스 파일</Filter>
    </Image>
    <Image Include="small.ico">
      <Filter>리소스 파일</Filter>
    </Image>
  </ItemGroup>
  <ItemGroup>
    <None Include="Debug.hlsli" />
    <None Include="Effect.hlsli" />
  </ItemGroup>
  <ItemGroup>
    <Filter Include="소스파일">
      <UniqueIdentifier>{51575a81-a49d-4905-8050-cea94ed1080d}</UniqueIdentifier>
    </Filter>
    <Filter Include="헤더 파일">
      <UniqueIdentifier>{742d3909-bc6e-44a9-b632-07563bd25786}</UniqueIdentifier>
    </Filter>
    <Filter Include="리소스 파일">
      <UniqueIdentifier>{4b55e2f4-1f9b-419a-bb15-370a71b726f7}</UniqueIdentifier>
    </Filter>
  </ItemGroup>
  <ItemGroup>
    <ResourceCompile Include="EscapeFromDarkzone.rc">
      <Filter>리소스 파일</Filter>
    </ResourceCompile>
  </ItemGroup>
</Project>